
Microsoft Visual Studio Solution File, Format Version 12.00
# Visual Studio Version 17
VisualStudioVersion = 17.1.32407.343
MinimumVisualStudioVersion = 10.0.40219.1
Project("{FAE04EC0-301F-11D3-BF4B-00C04F79EFBC}") = "ReadKey", "ReadKey\ReadKey.csproj", "{372A3CA5-41CB-41B6-B61A-71B221C33424}"
EndProject
Global
	GlobalSection(SolutionConfigurationPlatforms) = preSolution
		Debug|Any CPU = Debug|Any CPU
		Release|Any CPU = Release|Any CPU
	EndGlobalSection
	GlobalSection(ProjectConfigurationPlatforms) = postSolution
		{372A3CA5-41CB-41B6-B61A-71B221C33424}.Debug|Any CPU.ActiveCfg = Debug|Any CPU
		{372A3CA5-41CB-41B6-B61A-71B221C33424}.Debug|Any CPU.Build.0 = Debug|Any CPU
		{372A3CA5-41CB-41B6-B61A-71B221C33424}.Release|Any CPU.ActiveCfg = Release|Any CPU
		{372A3CA5-41CB-41B6-B61A-71B221C33424}.Release|Any CPU.Build.0 = Release|Any CPU
	EndGlobalSection
	GlobalSection(SolutionProperties) = preSolution
		HideSolutionNode = FALSE
	EndGlobalSection
	GlobalSection(ExtensibilityGlobals) = postSolution
		SolutionGuid = {6662DA7E-8C22-4A4E-B88D-D900A4D661B3}
	EndGlobalSection
EndGlobal
